
Microsoft Visual Studio Solution File, Format Version 12.00
# Visual Studio Version 16
VisualStudioVersion = 16.0.33423.256
MinimumVisualStudioVersion = 10.0.40219.1
Project("{FAE04EC0-301F-11D3-BF4B-00C04F79EFBC}") = "DoAnCoSo", "DoAnCoSo\DoAnCoSo.csproj", "{38847CA1-13B7-4F36-BD18-F8E4FF359888}"
EndProject
Global
	GlobalSection(SolutionConfigurationPlatforms) = preSolution
		Debug|Any CPU = Debug|Any CPU
		Release|Any CPU = Release|Any CPU
	EndGlobalSection
	GlobalSection(ProjectConfigurationPlatforms) = postSolution
		{38847CA1-13B7-4F36-BD18-F8E4FF359888}.Debug|Any CPU.ActiveCfg = Debug|Any CPU
		{38847CA1-13B7-4F36-BD18-F8E4FF359888}.Debug|Any CPU.Build.0 = Debug|Any CPU
		{38847CA1-13B7-4F36-BD18-F8E4FF359888}.Release|Any CPU.ActiveCfg = Release|Any CPU
		{38847CA1-13B7-4F36-BD18-F8E4FF359888}.Release|Any CPU.Build.0 = Release|Any CPU
	EndGlobalSection
	GlobalSection(SolutionProperties) = preSolution
		HideSolutionNode = FALSE
	EndGlobalSection
	GlobalSection(ExtensibilityGlobals) = postSolution
		SolutionGuid = {62FABF48-7D50-4E64-85C8-06D361C0619C}
	EndGlobalSection
EndGlobal
